
Microsoft Visual Studio Solution File, Format Version 12.00
# Visual Studio Version 17
VisualStudioVersion = 17.9.34701.34
MinimumVisualStudioVersion = 10.0.40219.1
Project("{9A19103F-16F7-4668-BE54-9A1E7A4F7556}") = "Proiect_TPI", "Proiect_TPI.csproj", "{D6B51585-6A2B-4A3F-A341-2F1676428D6C}"
EndProject
Global
	GlobalSection(SolutionConfigurationPlatforms) = preSolution
		Debug|Any CPU = Debug|Any CPU
		Release|Any CPU = Release|Any CPU
	EndGlobalSection
	GlobalSection(ProjectConfigurationPlatforms) = postSolution
		{D6B51585-6A2B-4A3F-A341-2F1676428D6C}.Debug|Any CPU.ActiveCfg = Debug|Any CPU
		{D6B51585-6A2B-4A3F-A341-2F1676428D6C}.Debug|Any CPU.Build.0 = Debug|Any CPU
		{D6B51585-6A2B-4A3F-A341-2F1676428D6C}.Release|Any CPU.ActiveCfg = Release|Any CPU
		{D6B51585-6A2B-4A3F-A341-2F1676428D6C}.Release|Any CPU.Build.0 = Release|Any CPU
	EndGlobalSection
	GlobalSection(SolutionProperties) = preSolution
		HideSolutionNode = FALSE
	EndGlobalSection
	GlobalSection(ExtensibilityGlobals) = postSolution
		SolutionGuid = {162D316B-1092-4808-AD08-5ECAB4A5E886}
	EndGlobalSection
EndGlobal
